
Microsoft Visual Studio Solution File, Format Version 12.00
# Visual Studio 15
Project("{2150E333-8FDC-42A3-9474-1A3956D46DE8}") = "Common", "Common", "{1BB68EFD-0B78-4652-990D-7A7C2B8A89F1}"
EndProject
Project("{FAE04EC0-301F-11D3-BF4B-00C04F79EFBC}") = "Common", "Common\Common\Common.csproj", "{652297A5-6A10-4E67-B178-3D7758EFBAAD}"
EndProject
Project("{FAE04EC0-301F-11D3-BF4B-00C04F79EFBC}") = "Common.Test", "Common\Common.Test\Common.Test.csproj", "{250C477A-7D51-4EA1-B2D3-3CB5519CF62F}"
EndProject
Project("{2150E333-8FDC-42A3-9474-1A3956D46DE8}") = "Droid", "Droid", "{E656E53B-B9F4-4499-A84C-A7B1298E1485}"
EndProject
Project("{FAE04EC0-301F-11D3-BF4B-00C04F79EFBC}") = "MVP.Example", "Droid\MVP.Example\MVP.Example.csproj", "{793D55B5-5AB9-4AE7-AC9F-819DDD943FAD}"
EndProject
Project("{FAE04EC0-301F-11D3-BF4B-00C04F79EFBC}") = "MVP.Example.Droid.Test", "Droid\MVP.Example.Droid.Test\MVP.Example.Droid.Test.csproj", "{F8919407-7098-4704-A139-6BD72C170651}"
EndProject
Global
	GlobalSection(SolutionConfigurationPlatforms) = preSolution
		Debug|Any CPU = Debug|Any CPU
		Release|Any CPU = Release|Any CPU
	EndGlobalSection
	GlobalSection(ProjectConfigurationPlatforms) = postSolution
		{652297A5-6A10-4E67-B178-3D7758EFBAAD}.Debug|Any CPU.ActiveCfg = Debug|Any CPU
		{652297A5-6A10-4E67-B178-3D7758EFBAAD}.Debug|Any CPU.Build.0 = Debug|Any CPU
		{652297A5-6A10-4E67-B178-3D7758EFBAAD}.Release|Any CPU.ActiveCfg = Release|Any CPU
		{652297A5-6A10-4E67-B178-3D7758EFBAAD}.Release|Any CPU.Build.0 = Release|Any CPU
		{250C477A-7D51-4EA1-B2D3-3CB5519CF62F}.Debug|Any CPU.ActiveCfg = Debug|Any CPU
		{250C477A-7D51-4EA1-B2D3-3CB5519CF62F}.Debug|Any CPU.Build.0 = Debug|Any CPU
		{250C477A-7D51-4EA1-B2D3-3CB5519CF62F}.Release|Any CPU.ActiveCfg = Release|Any CPU
		{250C477A-7D51-4EA1-B2D3-3CB5519CF62F}.Release|Any CPU.Build.0 = Release|Any CPU
		{793D55B5-5AB9-4AE7-AC9F-819DDD943FAD}.Debug|Any CPU.ActiveCfg = Debug|Any CPU
		{793D55B5-5AB9-4AE7-AC9F-819DDD943FAD}.Debug|Any CPU.Build.0 = Debug|Any CPU
		{793D55B5-5AB9-4AE7-AC9F-819DDD943FAD}.Release|Any CPU.ActiveCfg = Release|Any CPU
		{793D55B5-5AB9-4AE7-AC9F-819DDD943FAD}.Release|Any CPU.Build.0 = Release|Any CPU
		{F8919407-7098-4704-A139-6BD72C170651}.Debug|Any CPU.ActiveCfg = Debug|Any CPU
		{F8919407-7098-4704-A139-6BD72C170651}.Debug|Any CPU.Build.0 = Debug|Any CPU
		{F8919407-7098-4704-A139-6BD72C170651}.Release|Any CPU.ActiveCfg = Release|Any CPU
		{F8919407-7098-4704-A139-6BD72C170651}.Release|Any CPU.Build.0 = Release|Any CPU
	EndGlobalSection
	GlobalSection(NestedProjects) = preSolution
		{652297A5-6A10-4E67-B178-3D7758EFBAAD} = {1BB68EFD-0B78-4652-990D-7A7C2B8A89F1}
		{250C477A-7D51-4EA1-B2D3-3CB5519CF62F} = {1BB68EFD-0B78-4652-990D-7A7C2B8A89F1}
		{793D55B5-5AB9-4AE7-AC9F-819DDD943FAD} = {E656E53B-B9F4-4499-A84C-A7B1298E1485}
		{F8919407-7098-4704-A139-6BD72C170651} = {E656E53B-B9F4-4499-A84C-A7B1298E1485}
	EndGlobalSection
EndGlobal
